# THIS IS AN AUTOGENERATED FILE. DO NOT EDIT THIS FILE DIRECTLY.
# yarn lockfile v1


jsbi@^3.1.1:
  version "3.2.5"
  resolved "https://registry.yarnpkg.com/jsbi/-/jsbi-3.2.5.tgz#b37bb90e0e5c2814c1c2a1bcd8c729888a2e37d6"
  integrity sha512-aBE4n43IPvjaddScbvWRA2YlTzKEynHzu7MqOyTipdHucf/VxS63ViCjxYRg86M8Rxwbt/GfzHl1kKERkt45fQ==
